
Microsoft Visual Studio Solution File, Format Version 12.00
# Visual Studio Version 17
VisualStudioVersion = 17.5.33627.172
MinimumVisualStudioVersion = 10.0.40219.1
Project("{8BC9CEB8-8B4A-11D0-8D11-00A0C91BC942}") = "Moteur", "Moteur\Moteur.vcxproj", "{800314E6-CCB5-47A7-ACCA-86A0C2C3B126}"
EndProject
Global
	GlobalSection(SolutionConfigurationPlatforms) = preSolution
		Debug|x64 = Debug|x64
		Debug|x86 = Debug|x86
		Release|x64 = Release|x64
		Release|x86 = Release|x86
	EndGlobalSection
	GlobalSection(ProjectConfigurationPlatforms) = postSolution
		{800314E6-CCB5-47A7-ACCA-86A0C2C3B126}.Debug|x64.ActiveCfg = Debug|x64
		{800314E6-CCB5-47A7-ACCA-86A0C2C3B126}.Debug|x64.Build.0 = Debug|x64
		{800314E6-CCB5-47A7-ACCA-86A0C2C3B126}.Debug|x86.ActiveCfg = Debug|Win32
		{800314E6-CCB5-47A7-ACCA-86A0C2C3B126}.Debug|x86.Build.0 = Debug|Win32
		{800314E6-CCB5-47A7-ACCA-86A0C2C3B126}.Release|x64.ActiveCfg = Release|x64
		{800314E6-CCB5-47A7-ACCA-86A0C2C3B126}.Release|x64.Build.0 = Release|x64
		{800314E6-CCB5-47A7-ACCA-86A0C2C3B126}.Release|x86.ActiveCfg = Release|Win32
		{800314E6-CCB5-47A7-ACCA-86A0C2C3B126}.Release|x86.Build.0 = Release|Win32
	EndGlobalSection
	GlobalSection(SolutionProperties) = preSolution
		HideSolutionNode = FALSE
	EndGlobalSection
	GlobalSection(ExtensibilityGlobals) = postSolution
		SolutionGuid = {A3AD0468-E01D-46D0-B27B-E87783156132}
	EndGlobalSection
EndGlobal
